
Microsoft Visual Studio Solution File, Format Version 12.00
# Visual Studio Version 17
VisualStudioVersion = 17.1.32210.238
MinimumVisualStudioVersion = 10.0.40219.1
Project("{FAE04EC0-301F-11D3-BF4B-00C04F79EFBC}") = "FarmasiRO", "FarmasiRO\FarmasiRO.csproj", "{3DCCF706-33C1-46BD-8923-39A94327DB63}"
EndProject
Global
	GlobalSection(SolutionConfigurationPlatforms) = preSolution
		Debug|Any CPU = Debug|Any CPU
		Release|Any CPU = Release|Any CPU
	EndGlobalSection
	GlobalSection(ProjectConfigurationPlatforms) = postSolution
		{3DCCF706-33C1-46BD-8923-39A94327DB63}.Debug|Any CPU.ActiveCfg = Debug|Any CPU
		{3DCCF706-33C1-46BD-8923-39A94327DB63}.Debug|Any CPU.Build.0 = Debug|Any CPU
		{3DCCF706-33C1-46BD-8923-39A94327DB63}.Release|Any CPU.ActiveCfg = Release|Any CPU
		{3DCCF706-33C1-46BD-8923-39A94327DB63}.Release|Any CPU.Build.0 = Release|Any CPU
	EndGlobalSection
	GlobalSection(SolutionProperties) = preSolution
		HideSolutionNode = FALSE
	EndGlobalSection
	GlobalSection(ExtensibilityGlobals) = postSolution
		SolutionGuid = {85E47549-C9DB-4031-B7F8-6ACF82D1035A}
	EndGlobalSection
EndGlobal
